
Microsoft Visual Studio Solution File, Format Version 12.00
# Visual Studio 14
VisualStudioVersion = 14.0.25420.1
MinimumVisualStudioVersion = 10.0.40219.1
Project("{FAE04EC0-301F-11D3-BF4B-00C04F79EFBC}") = "CSV_Search", "CSV_Search\CSV_Search.csproj", "{71A4BF77-4948-47DE-AF68-AB8B6A365C7A}"
EndProject
Project("{FAE04EC0-301F-11D3-BF4B-00C04F79EFBC}") = "CSV", "CSV_Table\CSV.csproj", "{37E8DF26-0667-4988-814B-D298FBFACEFA}"
EndProject
Project("{FAE04EC0-301F-11D3-BF4B-00C04F79EFBC}") = "UnitTest App", "UnitTest App\UnitTest App.csproj", "{5FDC28BD-CB5F-4FF3-B859-A6200FA99EA8}"
EndProject
Global
	GlobalSection(SolutionConfigurationPlatforms) = preSolution
		Debug|Any CPU = Debug|Any CPU
		Release|Any CPU = Release|Any CPU
	EndGlobalSection
	GlobalSection(ProjectConfigurationPlatforms) = postSolution
		{71A4BF77-4948-47DE-AF68-AB8B6A365C7A}.Debug|Any CPU.ActiveCfg = Debug|Any CPU
		{71A4BF77-4948-47DE-AF68-AB8B6A365C7A}.Debug|Any CPU.Build.0 = Debug|Any CPU
		{71A4BF77-4948-47DE-AF68-AB8B6A365C7A}.Release|Any CPU.ActiveCfg = Release|Any CPU
		{71A4BF77-4948-47DE-AF68-AB8B6A365C7A}.Release|Any CPU.Build.0 = Release|Any CPU
		{37E8DF26-0667-4988-814B-D298FBFACEFA}.Debug|Any CPU.ActiveCfg = Debug|Any CPU
		{37E8DF26-0667-4988-814B-D298FBFACEFA}.Debug|Any CPU.Build.0 = Debug|Any CPU
		{37E8DF26-0667-4988-814B-D298FBFACEFA}.Release|Any CPU.ActiveCfg = Release|Any CPU
		{37E8DF26-0667-4988-814B-D298FBFACEFA}.Release|Any CPU.Build.0 = Release|Any CPU
		{5FDC28BD-CB5F-4FF3-B859-A6200FA99EA8}.Debug|Any CPU.ActiveCfg = Debug|Any CPU
		{5FDC28BD-CB5F-4FF3-B859-A6200FA99EA8}.Debug|Any CPU.Build.0 = Debug|Any CPU
		{5FDC28BD-CB5F-4FF3-B859-A6200FA99EA8}.Release|Any CPU.ActiveCfg = Release|Any CPU
		{5FDC28BD-CB5F-4FF3-B859-A6200FA99EA8}.Release|Any CPU.Build.0 = Release|Any CPU
	EndGlobalSection
	GlobalSection(SolutionProperties) = preSolution
		HideSolutionNode = FALSE
	EndGlobalSection
EndGlobal
